
Microsoft Visual Studio Solution File, Format Version 12.00
# Visual Studio Version 17
VisualStudioVersion = 17.14.36414.22
MinimumVisualStudioVersion = 10.0.40219.1
Project("{2150E333-8FDC-42A3-9474-1A3956D46DE8}") = "Task0", "Task0", "{02EA681E-C7D8-13C7-8484-4AC65E1B71E8}"
EndProject
Project("{FAE04EC0-301F-11D3-BF4B-00C04F79EFBC}") = "Tyuiu.MolchanovIV.Sprint5.Task0.V15", "Tyuiu.MolchanovIV.Sprint5.Task0.V15\Tyuiu.MolchanovIV.Sprint5.Task0.V15.csproj", "{E44A8C5A-DA34-44A5-AA2C-50AC6043CC83}"
EndProject
Project("{FAE04EC0-301F-11D3-BF4B-00C04F79EFBC}") = "Tyuiu.MolchanovIV.Sprint5.Task0.V15.Lib", "Tyuiu.MolchanovIV.Sprint5.Task0.V15.Lib\Tyuiu.MolchanovIV.Sprint5.Task0.V15.Lib.csproj", "{A92B1B70-6095-4DEB-A9A9-16AE7F9D89D5}"
EndProject
Project("{FAE04EC0-301F-11D3-BF4B-00C04F79EFBC}") = "Tyuiu.MolchanovIV.Sprint5.Task0.V15.Test", "Tyuiu.MolchanovIV.Sprint5.Task0.V15.Test\Tyuiu.MolchanovIV.Sprint5.Task0.V15.Test.csproj", "{B87EE359-E70A-4550-BC39-2A226168C56E}"
EndProject
Project("{2150E333-8FDC-42A3-9474-1A3956D46DE8}") = "Task1", "Task1", "{E826D7B8-6653-43BC-863E-4D469FAF5538}"
EndProject
Project("{FAE04EC0-301F-11D3-BF4B-00C04F79EFBC}") = "Tyuiu.MolchanovIV.Sprint5.Task1.V8", "Tyuiu.MolchanovIV.Sprint5.Task1.V8\Tyuiu.MolchanovIV.Sprint5.Task1.V8.csproj", "{2B574211-73C1-4BDE-95B1-5B2113E76AB9}"
EndProject
Project("{FAE04EC0-301F-11D3-BF4B-00C04F79EFBC}") = "Tyuiu.MolchanovIV.Sprint5.Task1.V8.Lib", "Tyuiu.MolchanovIV.Sprint5.Task1.V8.Lib\Tyuiu.MolchanovIV.Sprint5.Task1.V8.Lib.csproj", "{5C0657C8-3790-42F4-B535-AFFBA3F693D6}"
EndProject
Project("{FAE04EC0-301F-11D3-BF4B-00C04F79EFBC}") = "Tyuiu.MolchanovIV.Sprint5.Task1.V8.Test", "Tyuiu.MolchanovIV.Sprint5.Task1.V8.Test\Tyuiu.MolchanovIV.Sprint5.Task1.V8.Test.csproj", "{B927245B-3FB1-484A-BD24-F7ADE47208B7}"
EndProject
Project("{2150E333-8FDC-42A3-9474-1A3956D46DE8}") = "Task2", "Task2", "{582535E7-38F0-46E8-8FB9-6346B9D56DD1}"
EndProject
Project("{FAE04EC0-301F-11D3-BF4B-00C04F79EFBC}") = "Tyuiu.MolchanovIV.Sprint5.Task2.V10", "Tyuiu.MolchanovIV.Sprint5.Task2.V10\Tyuiu.MolchanovIV.Sprint5.Task2.V10.csproj", "{89077B00-C1FC-47B9-A4D6-EF3422DC41C7}"
EndProject
Project("{FAE04EC0-301F-11D3-BF4B-00C04F79EFBC}") = "Tyuiu.MolchanovIV.Sprint5.Task2.V10.Lib", "Tyuiu.MolchanovIV.Sprint5.Task2.V10.Lib\Tyuiu.MolchanovIV.Sprint5.Task2.V10.Lib.csproj", "{6D5D7FF8-F37A-42FD-8C55-B557612C2F5F}"
EndProject
Project("{FAE04EC0-301F-11D3-BF4B-00C04F79EFBC}") = "Tyuiu.MolchanovIV.Sprint5.Task2.V10.Test", "Tyuiu.MolchanovIV.Sprint5.Task2.V10.Test\Tyuiu.MolchanovIV.Sprint5.Task2.V10.Test.csproj", "{BE6FE37F-4D02-4497-A21B-F8B448D61A8C}"
EndProject
Project("{2150E333-8FDC-42A3-9474-1A3956D46DE8}") = "Task3", "Task3", "{D9DFB5BC-6DD7-45F4-97FB-4079B32A0ED6}"
EndProject
Project("{FAE04EC0-301F-11D3-BF4B-00C04F79EFBC}") = "Tyuiu.MolchanovIV.Sprint5.Task3.V18", "Tyuiu.MolchanovIV.Sprint5.Task3.V18\Tyuiu.MolchanovIV.Sprint5.Task3.V18.csproj", "{B04E801D-C35A-44E9-917B-BD40C11A21B9}"
EndProject
Project("{FAE04EC0-301F-11D3-BF4B-00C04F79EFBC}") = "Tyuiu.MolchanovIV.Sprint5.Task3.V18.Lib", "Tyuiu.MolchanovIV.Sprint5.Task3.V18.Lib\Tyuiu.MolchanovIV.Sprint5.Task3.V18.Lib.csproj", "{4BA76B1A-A3FE-49C0-85EE-B42B0ACA728D}"
EndProject
Project("{FAE04EC0-301F-11D3-BF4B-00C04F79EFBC}") = "Tyuiu.MolchanovIV.Sprint5.Task3.V18.Test", "Tyuiu.MolchanovIV.Sprint5.Task3.V18.Test\Tyuiu.MolchanovIV.Sprint5.Task3.V18.Test.csproj", "{53DBAD5A-8170-4597-9DBD-CA70A59A0D51}"
EndProject
Project("{2150E333-8FDC-42A3-9474-1A3956D46DE8}") = "Task4", "Task4", "{76FAA0C3-620C-4956-B700-2BBEF2DCBCAA}"
EndProject
Project("{FAE04EC0-301F-11D3-BF4B-00C04F79EFBC}") = "Tyuiu.MolchanovIV.Sprint5.Task4.V6", "Tyuiu.MolchanovIV.Sprint5Task4.V6\Tyuiu.MolchanovIV.Sprint5.Task4.V6.csproj", "{6591A6A1-F752-4357-A79C-986426AB9542}"
EndProject
Project("{FAE04EC0-301F-11D3-BF4B-00C04F79EFBC}") = "Tyuiu.MolchanovIV.Sprint5.Task4.V6.Lib", "Tyuiu.MolchanovIV.Sprint5Task4.V6.Lib\Tyuiu.MolchanovIV.Sprint5.Task4.V6.Lib.csproj", "{D677F9A0-01A0-4478-B788-0E9EF0223737}"
EndProject
Project("{FAE04EC0-301F-11D3-BF4B-00C04F79EFBC}") = "Tyuiu.MolchanovIV.Sprint5.Task4.V6.Test", "Tyuiu.MolchanovIV.Sprint5Task4.V6.Test\Tyuiu.MolchanovIV.Sprint5.Task4.V6.Test.csproj", "{500BFE4F-7C6F-49EB-87E4-1BF32AF337E3}"
EndProject
Global
	GlobalSection(SolutionConfigurationPlatforms) = preSolution
		Debug|Any CPU = Debug|Any CPU
		Release|Any CPU = Release|Any CPU
	EndGlobalSection
	GlobalSection(ProjectConfigurationPlatforms) = postSolution
		{E44A8C5A-DA34-44A5-AA2C-50AC6043CC83}.Debug|Any CPU.ActiveCfg = Debug|Any CPU
		{E44A8C5A-DA34-44A5-AA2C-50AC6043CC83}.Debug|Any CPU.Build.0 = Debug|Any CPU
		{E44A8C5A-DA34-44A5-AA2C-50AC6043CC83}.Release|Any CPU.ActiveCfg = Release|Any CPU
		{E44A8C5A-DA34-44A5-AA2C-50AC6043CC83}.Release|Any CPU.Build.0 = Release|Any CPU
		{A92B1B70-6095-4DEB-A9A9-16AE7F9D89D5}.Debug|Any CPU.ActiveCfg = Debug|Any CPU
		{A92B1B70-6095-4DEB-A9A9-16AE7F9D89D5}.Debug|Any CPU.Build.0 = Debug|Any CPU
		{A92B1B70-6095-4DEB-A9A9-16AE7F9D89D5}.Release|Any CPU.ActiveCfg = Release|Any CPU
		{A92B1B70-6095-4DEB-A9A9-16AE7F9D89D5}.Release|Any CPU.Build.0 = Release|Any CPU
		{B87EE359-E70A-4550-BC39-2A226168C56E}.Debug|Any CPU.ActiveCfg = Debug|Any CPU
		{B87EE359-E70A-4550-BC39-2A226168C56E}.Debug|Any CPU.Build.0 = Debug|Any CPU
		{B87EE359-E70A-4550-BC39-2A226168C56E}.Release|Any CPU.ActiveCfg = Release|Any CPU
		{B87EE359-E70A-4550-BC39-2A226168C56E}.Release|Any CPU.Build.0 = Release|Any CPU
		{2B574211-73C1-4BDE-95B1-5B2113E76AB9}.Debug|Any CPU.ActiveCfg = Debug|Any CPU
		{2B574211-73C1-4BDE-95B1-5B2113E76AB9}.Debug|Any CPU.Build.0 = Debug|Any CPU
		{2B574211-73C1-4BDE-95B1-5B2113E76AB9}.Release|Any CPU.ActiveCfg = Release|Any CPU
		{2B574211-73C1-4BDE-95B1-5B2113E76AB9}.Release|Any CPU.Build.0 = Release|Any CPU
		{5C0657C8-3790-42F4-B535-AFFBA3F693D6}.Debug|Any CPU.ActiveCfg = Debug|Any CPU
		{5C0657C8-3790-42F4-B535-AFFBA3F693D6}.Debug|Any CPU.Build.0 = Debug|Any CPU
		{5C0657C8-3790-42F4-B535-AFFBA3F693D6}.Release|Any CPU.ActiveCfg = Release|Any CPU
		{5C0657C8-3790-42F4-B535-AFFBA3F693D6}.Release|Any CPU.Build.0 = Release|Any CPU
		{B927245B-3FB1-484A-BD24-F7ADE47208B7}.Debug|Any CPU.ActiveCfg = Debug|Any CPU
		{B927245B-3FB1-484A-BD24-F7ADE47208B7}.Debug|Any CPU.Build.0 = Debug|Any CPU
		{B927245B-3FB1-484A-BD24-F7ADE47208B7}.Release|Any CPU.ActiveCfg = Release|Any CPU
		{B927245B-3FB1-484A-BD24-F7ADE47208B7}.Release|Any CPU.Build.0 = Release|Any CPU
		{89077B00-C1FC-47B9-A4D6-EF3422DC41C7}.Debug|Any CPU.ActiveCfg = Debug|Any CPU
		{89077B00-C1FC-47B9-A4D6-EF3422DC41C7}.Debug|Any CPU.Build.0 = Debug|Any CPU
		{89077B00-C1FC-47B9-A4D6-EF3422DC41C7}.Release|Any CPU.ActiveCfg = Release|Any CPU
		{89077B00-C1FC-47B9-A4D6-EF3422DC41C7}.Release|Any CPU.Build.0 = Release|Any CPU
		{6D5D7FF8-F37A-42FD-8C55-B557612C2F5F}.Debug|Any CPU.ActiveCfg = Debug|Any CPU
		{6D5D7FF8-F37A-42FD-8C55-B557612C2F5F}.Debug|Any CPU.Build.0 = Debug|Any CPU
		{6D5D7FF8-F37A-42FD-8C55-B557612C2F5F}.Release|Any CPU.ActiveCfg = Release|Any CPU
		{6D5D7FF8-F37A-42FD-8C55-B557612C2F5F}.Release|Any CPU.Build.0 = Release|Any CPU
		{BE6FE37F-4D02-4497-A21B-F8B448D61A8C}.Debug|Any CPU.ActiveCfg = Debug|Any CPU
		{BE6FE37F-4D02-4497-A21B-F8B448D61A8C}.Debug|Any CPU.Build.0 = Debug|Any CPU
		{BE6FE37F-4D02-4497-A21B-F8B448D61A8C}.Release|Any CPU.ActiveCfg = Release|Any CPU
		{BE6FE37F-4D02-4497-A21B-F8B448D61A8C}.Release|Any CPU.Build.0 = Release|Any CPU
		{B04E801D-C35A-44E9-917B-BD40C11A21B9}.Debug|Any CPU.ActiveCfg = Debug|Any CPU
		{B04E801D-C35A-44E9-917B-BD40C11A21B9}.Debug|Any CPU.Build.0 = Debug|Any CPU
		{B04E801D-C35A-44E9-917B-BD40C11A21B9}.Release|Any CPU.ActiveCfg = Release|Any CPU
		{B04E801D-C35A-44E9-917B-BD40C11A21B9}.Release|Any CPU.Build.0 = Release|Any CPU
		{4BA76B1A-A3FE-49C0-85EE-B42B0ACA728D}.Debug|Any CPU.ActiveCfg = Debug|Any CPU
		{4BA76B1A-A3FE-49C0-85EE-B42B0ACA728D}.Debug|Any CPU.Build.0 = Debug|Any CPU
		{4BA76B1A-A3FE-49C0-85EE-B42B0ACA728D}.Release|Any CPU.ActiveCfg = Release|Any CPU
		{4BA76B1A-A3FE-49C0-85EE-B42B0ACA728D}.Release|Any CPU.Build.0 = Release|Any CPU
		{53DBAD5A-8170-4597-9DBD-CA70A59A0D51}.Debug|Any CPU.ActiveCfg = Debug|Any CPU
		{53DBAD5A-8170-4597-9DBD-CA70A59A0D51}.Debug|Any CPU.Build.0 = Debug|Any CPU
		{53DBAD5A-8170-4597-9DBD-CA70A59A0D51}.Release|Any CPU.ActiveCfg = Release|Any CPU
		{53DBAD5A-8170-4597-9DBD-CA70A59A0D51}.Release|Any CPU.Build.0 = Release|Any CPU
		{6591A6A1-F752-4357-A79C-986426AB9542}.Debug|Any CPU.ActiveCfg = Debug|Any CPU
		{6591A6A1-F752-4357-A79C-986426AB9542}.Debug|Any CPU.Build.0 = Debug|Any CPU
		{6591A6A1-F752-4357-A79C-986426AB9542}.Release|Any CPU.ActiveCfg = Release|Any CPU
		{6591A6A1-F752-4357-A79C-986426AB9542}.Release|Any CPU.Build.0 = Release|Any CPU
		{D677F9A0-01A0-4478-B788-0E9EF0223737}.Debug|Any CPU.ActiveCfg = Debug|Any CPU
		{D677F9A0-01A0-4478-B788-0E9EF0223737}.Debug|Any CPU.Build.0 = Debug|Any CPU
		{D677F9A0-01A0-4478-B788-0E9EF0223737}.Release|Any CPU.ActiveCfg = Release|Any CPU
		{D677F9A0-01A0-4478-B788-0E9EF0223737}.Release|Any CPU.Build.0 = Release|Any CPU
		{500BFE4F-7C6F-49EB-87E4-1BF32AF337E3}.Debug|Any CPU.ActiveCfg = Debug|Any CPU
		{500BFE4F-7C6F-49EB-87E4-1BF32AF337E3}.Debug|Any CPU.Build.0 = Debug|Any CPU
		{500BFE4F-7C6F-49EB-87E4-1BF32AF337E3}.Release|Any CPU.ActiveCfg = Release|Any CPU
		{500BFE4F-7C6F-49EB-87E4-1BF32AF337E3}.Release|Any CPU.Build.0 = Release|Any CPU
	EndGlobalSection
	GlobalSection(SolutionProperties) = preSolution
		HideSolutionNode = FALSE
	EndGlobalSection
	GlobalSection(NestedProjects) = preSolution
		{E44A8C5A-DA34-44A5-AA2C-50AC6043CC83} = {02EA681E-C7D8-13C7-8484-4AC65E1B71E8}
		{A92B1B70-6095-4DEB-A9A9-16AE7F9D89D5} = {02EA681E-C7D8-13C7-8484-4AC65E1B71E8}
		{B87EE359-E70A-4550-BC39-2A226168C56E} = {02EA681E-C7D8-13C7-8484-4AC65E1B71E8}
		{2B574211-73C1-4BDE-95B1-5B2113E76AB9} = {E826D7B8-6653-43BC-863E-4D469FAF5538}
		{5C0657C8-3790-42F4-B535-AFFBA3F693D6} = {E826D7B8-6653-43BC-863E-4D469FAF5538}
		{B927245B-3FB1-484A-BD24-F7ADE47208B7} = {E826D7B8-6653-43BC-863E-4D469FAF5538}
		{89077B00-C1FC-47B9-A4D6-EF3422DC41C7} = {582535E7-38F0-46E8-8FB9-6346B9D56DD1}
		{6D5D7FF8-F37A-42FD-8C55-B557612C2F5F} = {582535E7-38F0-46E8-8FB9-6346B9D56DD1}
		{BE6FE37F-4D02-4497-A21B-F8B448D61A8C} = {582535E7-38F0-46E8-8FB9-6346B9D56DD1}
		{B04E801D-C35A-44E9-917B-BD40C11A21B9} = {D9DFB5BC-6DD7-45F4-97FB-4079B32A0ED6}
		{4BA76B1A-A3FE-49C0-85EE-B42B0ACA728D} = {D9DFB5BC-6DD7-45F4-97FB-4079B32A0ED6}
		{53DBAD5A-8170-4597-9DBD-CA70A59A0D51} = {D9DFB5BC-6DD7-45F4-97FB-4079B32A0ED6}
		{6591A6A1-F752-4357-A79C-986426AB9542} = {76FAA0C3-620C-4956-B700-2BBEF2DCBCAA}
		{D677F9A0-01A0-4478-B788-0E9EF0223737} = {76FAA0C3-620C-4956-B700-2BBEF2DCBCAA}
		{500BFE4F-7C6F-49EB-87E4-1BF32AF337E3} = {76FAA0C3-620C-4956-B700-2BBEF2DCBCAA}
	EndGlobalSection
	GlobalSection(ExtensibilityGlobals) = postSolution
		SolutionGuid = {3F815E9E-1C7A-4290-A893-096FA3B756E5}
	EndGlobalSection
EndGlobal
